
Microsoft Visual Studio Solution File, Format Version 12.00
# Visual Studio Version 17
VisualStudioVersion = 17.8.34330.188
MinimumVisualStudioVersion = 10.0.40219.1
Project("{FAE04EC0-301F-11D3-BF4B-00C04F79EFBC}") = "ImportExcel.API", "ImportExcel.API\ImportExcel.API.csproj", "{7B48ADF7-CB76-42C1-B650-74B664CC696A}"
EndProject
Global
	GlobalSection(SolutionConfigurationPlatforms) = preSolution
		Debug|Any CPU = Debug|Any CPU
		Release|Any CPU = Release|Any CPU
	EndGlobalSection
	GlobalSection(ProjectConfigurationPlatforms) = postSolution
		{7B48ADF7-CB76-42C1-B650-74B664CC696A}.Debug|Any CPU.ActiveCfg = Debug|Any CPU
		{7B48ADF7-CB76-42C1-B650-74B664CC696A}.Debug|Any CPU.Build.0 = Debug|Any CPU
		{7B48ADF7-CB76-42C1-B650-74B664CC696A}.Release|Any CPU.ActiveCfg = Release|Any CPU
		{7B48ADF7-CB76-42C1-B650-74B664CC696A}.Release|Any CPU.Build.0 = Release|Any CPU
	EndGlobalSection
	GlobalSection(SolutionProperties) = preSolution
		HideSolutionNode = FALSE
	EndGlobalSection
	GlobalSection(ExtensibilityGlobals) = postSolution
		SolutionGuid = {B29557BF-CF72-47BA-A203-64A05F274E33}
	EndGlobalSection
EndGlobal
